
Microsoft Visual Studio Solution File, Format Version 12.00
# Visual Studio Version 16
VisualStudioVersion = 16.0.31019.35
MinimumVisualStudioVersion = 10.0.40219.1
Project("{FAE04EC0-301F-11D3-BF4B-00C04F79EFBC}") = "Project Charlie", "Project Charlie\Project Charlie.csproj", "{C398F9B4-0B39-48A6-B9ED-1E44D7600707}"
EndProject
Global
	GlobalSection(SolutionConfigurationPlatforms) = preSolution
		Debug|Any CPU = Debug|Any CPU
		Release|Any CPU = Release|Any CPU
	EndGlobalSection
	GlobalSection(ProjectConfigurationPlatforms) = postSolution
		{C398F9B4-0B39-48A6-B9ED-1E44D7600707}.Debug|Any CPU.ActiveCfg = Debug|Any CPU
		{C398F9B4-0B39-48A6-B9ED-1E44D7600707}.Debug|Any CPU.Build.0 = Debug|Any CPU
		{C398F9B4-0B39-48A6-B9ED-1E44D7600707}.Release|Any CPU.ActiveCfg = Release|Any CPU
		{C398F9B4-0B39-48A6-B9ED-1E44D7600707}.Release|Any CPU.Build.0 = Release|Any CPU
	EndGlobalSection
	GlobalSection(SolutionProperties) = preSolution
		HideSolutionNode = FALSE
	EndGlobalSection
	GlobalSection(ExtensibilityGlobals) = postSolution
		SolutionGuid = {DB94F776-63B2-45DA-A616-4FB567A781D0}
	EndGlobalSection
EndGlobal
